
Microsoft Visual Studio Solution File, Format Version 12.00
# Visual Studio 15
VisualStudioVersion = 15.0.28307.757
MinimumVisualStudioVersion = 10.0.40219.1
Project("{9A19103F-16F7-4668-BE54-9A1E7A4F7556}") = "merchant-galaxy", "merchant-galaxy\merchant-galaxy.csproj", "{9323704C-1927-4ABD-93FB-5337DCB155A7}"
EndProject
Project("{FAE04EC0-301F-11D3-BF4B-00C04F79EFBC}") = "XUnitTestProject2", "XUnitTestProject2\XUnitTestProject2.csproj", "{D95CB8BD-133A-4492-874B-3B2A4D4F8027}"
EndProject
Global
	GlobalSection(SolutionConfigurationPlatforms) = preSolution
		Debug|Any CPU = Debug|Any CPU
		Release|Any CPU = Release|Any CPU
	EndGlobalSection
	GlobalSection(ProjectConfigurationPlatforms) = postSolution
		{9323704C-1927-4ABD-93FB-5337DCB155A7}.Debug|Any CPU.ActiveCfg = Debug|Any CPU
		{9323704C-1927-4ABD-93FB-5337DCB155A7}.Debug|Any CPU.Build.0 = Debug|Any CPU
		{9323704C-1927-4ABD-93FB-5337DCB155A7}.Release|Any CPU.ActiveCfg = Release|Any CPU
		{9323704C-1927-4ABD-93FB-5337DCB155A7}.Release|Any CPU.Build.0 = Release|Any CPU
		{D95CB8BD-133A-4492-874B-3B2A4D4F8027}.Debug|Any CPU.ActiveCfg = Debug|Any CPU
		{D95CB8BD-133A-4492-874B-3B2A4D4F8027}.Debug|Any CPU.Build.0 = Debug|Any CPU
		{D95CB8BD-133A-4492-874B-3B2A4D4F8027}.Release|Any CPU.ActiveCfg = Release|Any CPU
		{D95CB8BD-133A-4492-874B-3B2A4D4F8027}.Release|Any CPU.Build.0 = Release|Any CPU
	EndGlobalSection
	GlobalSection(SolutionProperties) = preSolution
		HideSolutionNode = FALSE
	EndGlobalSection
	GlobalSection(ExtensibilityGlobals) = postSolution
		SolutionGuid = {9D0A4FCC-1800-4720-861F-031A0949BA14}
	EndGlobalSection
EndGlobal
